
Microsoft Visual Studio Solution File, Format Version 12.00
# Visual Studio Version 17
VisualStudioVersion = 17.3.32825.248
MinimumVisualStudioVersion = 10.0.40219.1
Project("{FAE04EC0-301F-11D3-BF4B-00C04F79EFBC}") = "GestaoBiblioteca", "GestaoBiblioteca\GestaoBiblioteca.csproj", "{1F63D3E6-20C2-49E4-8878-006445B17959}"
EndProject
Global
	GlobalSection(SolutionConfigurationPlatforms) = preSolution
		Debug|Any CPU = Debug|Any CPU
		Release|Any CPU = Release|Any CPU
	EndGlobalSection
	GlobalSection(ProjectConfigurationPlatforms) = postSolution
		{1F63D3E6-20C2-49E4-8878-006445B17959}.Debug|Any CPU.ActiveCfg = Debug|Any CPU
		{1F63D3E6-20C2-49E4-8878-006445B17959}.Debug|Any CPU.Build.0 = Debug|Any CPU
		{1F63D3E6-20C2-49E4-8878-006445B17959}.Release|Any CPU.ActiveCfg = Release|Any CPU
		{1F63D3E6-20C2-49E4-8878-006445B17959}.Release|Any CPU.Build.0 = Release|Any CPU
	EndGlobalSection
	GlobalSection(SolutionProperties) = preSolution
		HideSolutionNode = FALSE
	EndGlobalSection
	GlobalSection(ExtensibilityGlobals) = postSolution
		SolutionGuid = {2B46411B-4EEF-4155-B3B6-537B348CA1E4}
	EndGlobalSection
EndGlobal
